Microsoft Visual Studio Solution File, Format Version 8.00
Project("{F184B08F-C81C-45F6-A57F-5ABD9991F28F}") = "Windows Mobile 2003 SE", "Windows Mobile 2003 SE.vbproj", "{860B422F-2C5F-4AF4-8617-F462E00E2C44}"
	ProjectSection(ProjectDependencies) = postProject
	EndProjectSection
EndProject
Project("{F184B08F-C81C-45F6-A57F-5ABD9991F28F}") = "Windows Mobile Installer", "..\Windows Mobile Installer\Windows Mobile Installer.vbproj", "{5D9930B0-24C0-4A2B-BC80-431195C4AE75}"
	ProjectSection(ProjectDependencies) = postProject
	EndProjectSection
EndProject
Global
	GlobalSection(SolutionConfiguration) = preSolution
		Debug = Debug
		Release = Release
	EndGlobalSection
	GlobalSection(ProjectConfiguration) = postSolution
		{860B422F-2C5F-4AF4-8617-F462E00E2C44}.Debug.ActiveCfg = Debug|.NET
		{860B422F-2C5F-4AF4-8617-F462E00E2C44}.Debug.Build.0 = Debug|.NET
		{860B422F-2C5F-4AF4-8617-F462E00E2C44}.Release.ActiveCfg = Release|.NET
		{860B422F-2C5F-4AF4-8617-F462E00E2C44}.Release.Build.0 = Release|.NET
		{5D9930B0-24C0-4A2B-BC80-431195C4AE75}.Debug.ActiveCfg = Debug|.NET
		{5D9930B0-24C0-4A2B-BC80-431195C4AE75}.Release.ActiveCfg = Release|.NET
		{5D9930B0-24C0-4A2B-BC80-431195C4AE75}.Release.Build.0 = Release|.NET
	EndGlobalSection
	GlobalSection(ExtensibilityGlobals) = postSolution
	EndGlobalSection
	GlobalSection(ExtensibilityAddIns) = postSolution
	EndGlobalSection
EndGlobal
